
Microsoft Visual Studio Solution File, Format Version 12.00
# Visual Studio Version 17
VisualStudioVersion = 17.0.31903.59
MinimumVisualStudioVersion = 10.0.40219.1
Project("{FAE04EC0-301F-11D3-BF4B-00C04F79EFBC}") = "CarLibrary", "CarLibrary\CarLibrary.csproj", "{A6B69757-3A7F-494B-A3EB-589BAC676C0D}"
EndProject
Project("{FAE04EC0-301F-11D3-BF4B-00C04F79EFBC}") = "CarLibrary.UnitTests", "CarLibrary.UnitTests\CarLibrary.UnitTests.csproj", "{A988479B-9CB2-463A-B2D9-79F66C3B5FE6}"
EndProject
Global
	GlobalSection(SolutionConfigurationPlatforms) = preSolution
		Debug|Any CPU = Debug|Any CPU
		Release|Any CPU = Release|Any CPU
	EndGlobalSection
	GlobalSection(SolutionProperties) = preSolution
		HideSolutionNode = FALSE
	EndGlobalSection
	GlobalSection(ProjectConfigurationPlatforms) = postSolution
		{A6B69757-3A7F-494B-A3EB-589BAC676C0D}.Debug|Any CPU.ActiveCfg = Debug|Any CPU
		{A6B69757-3A7F-494B-A3EB-589BAC676C0D}.Debug|Any CPU.Build.0 = Debug|Any CPU
		{A6B69757-3A7F-494B-A3EB-589BAC676C0D}.Release|Any CPU.ActiveCfg = Release|Any CPU
		{A6B69757-3A7F-494B-A3EB-589BAC676C0D}.Release|Any CPU.Build.0 = Release|Any CPU
		{A988479B-9CB2-463A-B2D9-79F66C3B5FE6}.Debug|Any CPU.ActiveCfg = Debug|Any CPU
		{A988479B-9CB2-463A-B2D9-79F66C3B5FE6}.Debug|Any CPU.Build.0 = Debug|Any CPU
		{A988479B-9CB2-463A-B2D9-79F66C3B5FE6}.Release|Any CPU.ActiveCfg = Release|Any CPU
		{A988479B-9CB2-463A-B2D9-79F66C3B5FE6}.Release|Any CPU.Build.0 = Release|Any CPU
	EndGlobalSection
EndGlobal
